// !$*UTF8*$!
{
	archiveVersion = 1;
	classes = {
	};
	objectVersion = 48;
	objects = {

/* Begin PBXBuildFile section */
		215469731FE224BD00A917DE /* AppDelegate.swift in Sources */ = {isa = PBXBuildFile; fileRef = 215469721FE224BD00A917DE /* AppDelegate.swift */; };
		215469751FE224BD00A917DE /* ViewController.swift in Sources */ = {isa = PBXBuildFile; fileRef = 215469741FE224BD00A917DE /* ViewController.swift */; };
		215469781FE224BE00A917DE /* Main.storyboard in Resources */ = {isa = PBXBuildFile; fileRef = 215469761FE224BE00A917DE /* Main.storyboard */; };
		2154697A1FE224BE00A917DE /* Assets.xcassets in Resources */ = {isa = PBXBuildFile; fileRef = 215469791FE224BE00A917DE /* Assets.xcassets */; };
		2154697D1FE224BE00A917DE /* LaunchScreen.storyboard in Resources */ = {isa = PBXBuildFile; fileRef = 2154697B1FE224BE00A917DE /* LaunchScreen.storyboard */; };
		215469861FE2488300A917DE /* LWAlert.swift in Sources */ = {isa = PBXBuildFile; fileRef = 215469851FE2488300A917DE /* LWAlert.swift */; };
/* End PBXBuildFile section */

/* Begin PBXFileReference section */
		2154696F1FE224BD00A917DE /* LWAlert.app */ = {isa = PBXFileReference; explicitFileType = wrapper.application; includeInIndex = 0; path = LWAlert.app; sourceTree = BUILT_PRODUCTS_DIR; };
		215469721FE224BD00A917DE /* AppDelegate.swift */ = {isa = PBXFileReference; lastKnownFileType = sourcecode.swift; path = AppDelegate.swift; sourceTree = "<group>"; };
		215469741FE224BD00A917DE /* ViewController.swift */ = {isa = PBXFileReference; lastKnownFileType = sourcecode.swift; path = ViewController.swift; sourceTree = "<group>"; };
		215469771FE224BE00A917DE /* Base */ = {isa = PBXFileReference; lastKnownFileType = file.storyboard; name = Base; path = Base.lproj/Main.storyboard; sourceTree = "<group>"; };
		215469791FE224BE00A917DE /* Assets.xcassets */ = {isa = PBXFileReference; lastKnownFileType = folder.assetcatalog; path = Assets.xcassets; sourceTree = "<group>"; };
		2154697C1FE224BE00A917DE /* Base */ = {isa = PBXFileReference; lastKnownFileType = file.storyboard; name = Base; path = Base.lproj/LaunchScreen.storyboard; sourceTree = "<group>"; };
		2154697E1FE224BE00A917DE /* Info.plist */ = {isa = PBXFileReference; lastKnownFileType = text.plist.xml; path = Info.plist; sourceTree = "<group>"; };
		215469851FE2488300A917DE /* LWAlert.swift */ = {isa = PBXFileReference; lastKnownFileType = sourcecode.swift; path = LWAlert.swift; sourceTree = "<group>"; };
/* End PBXFileReference section */

/* Begin PBXFrameworksBuildPhase section */
		2154696C1FE224BD00A917DE /* Frameworks */ = {
			isa = PBXFrameworksBuildPhase;
			buildActionMask = 2147483647;
			files = (
			);
			runOnlyForDeploymentPostprocessing = 0;
		};
/* End PBXFrameworksBuildPhase section */

/* Begin PBXGroup section */
		215469661FE224BD00A917DE = {
			isa = PBXGroup;
			children = (
				215469711FE224BD00A917DE /* LWAlert */,
				215469701FE224BD00A917DE /* Products */,
			);
			sourceTree = "<group>";
		};
		215469701FE224BD00A917DE /* Products */ = {
			isa = PBXGroup;
			children = (
				2154696F1FE224BD00A917DE /* LWAlert.app */,
			);
			name = Products;
			sourceTree = "<group>";
		};
		215469711FE224BD00A917DE /* LWAlert */ = {
			isa = PBXGroup;
			children = (
				215469841FE2264D00A917DE /* LWAlert */,
				215469721FE224BD00A917DE /* AppDelegate.swift */,
				215469741FE224BD00A917DE /* ViewController.swift */,
				215469761FE224BE00A917DE /* Main.storyboard */,
				215469791FE224BE00A917DE /* Assets.xcassets */,
				2154697B1FE224BE00A917DE /* LaunchScreen.storyboard */,
				2154697E1FE224BE00A917DE /* Info.plist */,
			);
			path = LWAlert;
			sourceTree = "<group>";
		};
		215469841FE2264D00A917DE /* LWAlert */ = {
			isa = PBXGroup;
			children = (
				215469851FE2488300A917DE /* LWAlert.swift */,
			);
			path = LWAlert;
			sourceTree = "<group>";
		};
/* End PBXGroup section */

/* Begin PBXNativeTarget section */
		2154696E1FE224BD00A917DE /* LWAlert */ = {
			isa = PBXNativeTarget;
			buildConfigurationList = 215469811FE224BE00A917DE /* Build configuration list for PBXNativeTarget "LWAlert" */;
			buildPhases = (
				2154696B1FE224BD00A917DE /* Sources */,
				2154696C1FE224BD00A917DE /* Frameworks */,
				2154696D1FE224BD00A917DE /* Resources */,
			);
			buildRules = (
			);
			dependencies = (
			);
			name = LWAlert;
			productName = LWAlert;
			productReference = 2154696F1FE224BD00A917DE /* LWAlert.app */;
			productType = "com.apple.product-type.application";
		};
/* End PBXNativeTarget section */

/* Begin PBXProject section */
		215469671FE224BD00A917DE /* Project object */ = {
			isa = PBXProject;
			attributes = {
				LastSwiftUpdateCheck = 0920;
				LastUpgradeCheck = 0920;
				ORGANIZATIONNAME = wang;
				TargetAttributes = {
					2154696E1FE224BD00A917DE = {
						CreatedOnToolsVersion = 9.2;
						ProvisioningStyle = Automatic;
					};
				};
			};
			buildConfigurationList = 2154696A1FE224BD00A917DE /* Build configuration list for PBXProject "LWAlert" */;
			compatibilityVersion = "Xcode 8.0";
			developmentRegion = en;
			hasScannedForEncodings = 0;
			knownRegions = (
				en,
				Base,
			);
			mainGroup = 215469661FE224BD00A917DE;
			productRefGroup = 215469701FE224BD00A917DE /* Products */;
			projectDirPath = "";
			projectRoot = "";
			targets = (
				2154696E1FE224BD00A917DE /* LWAlert */,
			);
		};
/* End PBXProject section */

/* Begin PBXResourcesBuildPhase section */
		2154696D1FE224BD00A917DE /* Resources */ = {
			isa = PBXResourcesBuildPhase;
			buildActionMask = 2147483647;
			files = (
				2154697D1FE224BE00A917DE /* LaunchScreen.storyboard in Resources */,
				2154697A1FE224BE00A917DE /* Assets.xcassets in Resources */,
				215469781FE224BE00A917DE /* Main.storyboard in Resources */,
			);
			runOnlyForDeploymentPostprocessing = 0;
		};
/* End PBXResourcesBuildPhase section */

/* Begin PBXSourcesBuildPhase section */
		2154696B1FE224BD00A917DE /* Sources */ = {
			isa = PBXSourcesBuildPhase;
			buildActionMask = 2147483647;
			files = (
				215469751FE224BD00A917DE /* ViewController.swift in Sources */,
				215469861FE2488300A917DE /* LWAlert.swift in Sources */,
				215469731FE224BD00A917DE /* AppDelegate.swift in Sources */,
			);
			runOnlyForDeploymentPostprocessing = 0;
		};
/* End PBXSourcesBuildPhase section */

/* Begin PBXVariantGroup section */
		215469761FE224BE00A917DE /* Main.storyboard */ = {
			isa = PBXVariantGroup;
			children = (
				215469771FE224BE00A917DE /* Base */,
			);
			name = Main.storyboard;
			sourceTree = "<group>";
		};
		2154697B1FE224BE00A917DE /* LaunchScreen.storyboard */ = {
			isa = PBXVariantGroup;
			children = (
				2154697C1FE224BE00A917DE /* Base */,
			);
			name = LaunchScreen.storyboard;
			sourceTree = "<group>";
		};
/* End PBXVariantGroup section */

/* Begin XCBuildConfiguration section */
		2154697F1FE224BE00A917DE /* Debug */ = {
			isa = XCBuildConfiguration;
			buildSettings = {
				ALWAYS_SEARCH_USER_PATHS = NO;
				CLANG_ANALYZER_NONNULL = YES;
				CLANG_ANALYZER_NUMBER_OBJECT_CONVERSION = YES_AGGRESSIVE;
				CLANG_CXX_LANGUAGE_STANDARD = "gnu++14";
				CLANG_CXX_LIBRARY = "libc++";
				CLANG_ENABLE_MODULES = YES;
				CLANG_ENABLE_OBJC_ARC = YES;
				CLANG_WARN_BLOCK_CAPTURE_AUTORELEASING = YES;
				CLANG_WARN_BOOL_CONVERSION = YES;
				CLANG_WARN_COMMA = YES;
				CLANG_WARN_CONSTANT_CONVERSION = YES;
				CLANG_WARN_DIRECT_OBJC_ISA_USAGE = YES_ERROR;
				CLANG_WARN_DOCUMENTATION_COMMENTS = YES;
				CLANG_WARN_EMPTY_BODY = YES;
				CLANG_WARN_ENUM_CONVERSION = YES;
				CLANG_WARN_INFINITE_RECURSION = YES;
				CLANG_WARN_INT_CONVERSION = YES;
				CLANG_WARN_NON_LITERAL_NULL_CONVERSION = YES;
				CLANG_WARN_OBJC_LITERAL_CONVERSION = YES;
				CLANG_WARN_OBJC_ROOT_CLASS = YES_ERROR;
				CLANG_WARN_RANGE_LOOP_ANALYSIS = YES;
				CLANG_WARN_STRICT_PROTOTYPES = YES;
				CLANG_WARN_SUSPICIOUS_MOVE = YES;
				CLANG_WARN_UNGUARDED_AVAILABILITY = YES_AGGRESSIVE;
				CLANG_WARN_UNREACHABLE_CODE = YES;
				CLANG_WARN__DUPLICATE_METHOD_MATCH = YES;
				CODE_SIGN_IDENTITY = "iPhone Developer";
				COPY_PHASE_STRIP = NO;
				DEBUG_INFORMATION_FORMAT = dwarf;
				ENABLE_STRICT_OBJC_MSGSEND = YES;
				ENABLE_TESTABILITY = YES;
				GCC_C_LANGUAGE_STANDARD = gnu11;
				GCC_DYNAMIC_NO_PIC = NO;
				GCC_NO_COMMON_BLOCKS = YES;
				GCC_OPTIMIZATION_LEVEL = 0;
				GCC_PREPROCESSOR_DEFINITIONS = (
					"DEBUG=1",
					"$(inherited)",
				);
				GCC_WARN_64_TO_32_BIT_CONVERSION = YES;
				GCC_WARN_ABOUT_RETURN_TYPE = YES_ERROR;
				GCC_WARN_UNDECLARED_SELECTOR = YES;
				GCC_WARN_UNINITIALIZED_AUTOS = YES_AGGRESSIVE;
				GCC_WARN_UNUSED_FUNCTION = YES;
				GCC_WARN_UNUSED_VARIABLE = YES;
				IPHONEOS_DEPLOYMENT_TARGET = 11.2;
				MTL_ENABLE_DEBUG_INFO = YES;
				ONLY_ACTIVE_ARCH = YES;
				SDKROOT = iphoneos;
				SWIFT_ACTIVE_COMPILATION_CONDITIONS = DEBUG;
				SWIFT_OPTIMIZATION_LEVEL = "-Onone";
			};
			name = Debug;
		};
		215469801FE224BE00A917DE /* Release */ = {
			isa = XCBuildConfiguration;
			buildSettings = {
				ALWAYS_SEARCH_USER_PATHS = NO;
				CLANG_ANALYZER_NONNULL = YES;
				CLANG_ANALYZER_NUMBER_OBJECT_CONVERSION = YES_AGGRESSIVE;
				CLANG_CXX_LANGUAGE_STANDARD = "gnu++14";
				CLANG_CXX_LIBRARY = "libc++";
				CLANG_ENABLE_MODULES = YES;
				CLANG_ENABLE_OBJC_ARC = YES;
				CLANG_WARN_BLOCK_CAPTURE_AUTORELEASING = YES;
				CLANG_WARN_BOOL_CONVERSION = YES;
				CLANG_WARN_COMMA = YES;
				CLANG_WARN_CONSTANT_CONVERSION = YES;
				CLANG_WARN_DIRECT_OBJC_ISA_USAGE = YES_ERROR;
				CLANG_WARN_DOCUMENTATION_COMMENTS = YES;
				CLANG_WARN_EMPTY_BODY = YES;
				CLANG_WARN_ENUM_CONVERSION = YES;
				CLANG_WARN_INFINITE_RECURSION = YES;
				CLANG_WARN_INT_CONVERSION = YES;
				CLANG_WARN_NON_LITERAL_NULL_CONVERSION = YES;
				CLANG_WARN_OBJC_LITERAL_CONVERSION = YES;
				CLANG_WARN_OBJC_ROOT_CLASS = YES_ERROR;
				CLANG_WARN_RANGE_LOOP_ANALYSIS = YES;
				CLANG_WARN_STRICT_PROTOTYPES = YES;
				CLANG_WARN_SUSPICIOUS_MOVE = YES;
				CLANG_WARN_UNGUARDED_AVAILABILITY = YES_AGGRESSIVE;
				CLANG_WARN_UNREACHABLE_CODE = YES;
				CLANG_WARN__DUPLICATE_METHOD_MATCH = YES;
				CODE_SIGN_IDENTITY = "iPhone Developer";
				COPY_PHASE_STRIP = NO;
				DEBUG_INFORMATION_FORMAT = "dwarf-with-dsym";
				ENABLE_NS_ASSERTIONS = NO;
				ENABLE_STRICT_OBJC_MSGSEND = YES;
				GCC_C_LANGUAGE_STANDARD = gnu11;
				GCC_NO_COMMON_BLOCKS = YES;
				GCC_WARN_64_TO_32_BIT_CONVERSION = YES;
				GCC_WARN_ABOUT_RETURN_TYPE = YES_ERROR;
				GCC_WARN_UNDECLARED_SELECTOR = YES;
				GCC_WARN_UNINITIALIZED_AUTOS = YES_AGGRESSIVE;
				GCC_WARN_UNUSED_FUNCTION = YES;
				GCC_WARN_UNUSED_VARIABLE = YES;
				IPHONEOS_DEPLOYMENT_TARGET = 11.2;
				MTL_ENABLE_DEBUG_INFO = NO;
				SDKROOT = iphoneos;
				SWIFT_OPTIMIZATION_LEVEL = "-Owholemodule";
				VALIDATE_PRODUCT = YES;
			};
			name = Release;
		};
		215469821FE224BE00A917DE /* Debug */ = {
			isa = XCBuildConfiguration;
			buildSettings = {
				ASSETCATALOG_COMPILER_APPICON_NAME = AppIcon;
				CODE_SIGN_STYLE = Automatic;
				DEVELOPMENT_TEAM = A2R55J8C7W;
				INFOPLIST_FILE = LWAlert/Info.plist;
				IPHONEOS_DEPLOYMENT_TARGET = 8.0;
				LD_RUNPATH_SEARCH_PATHS = "$(inherited) @executable_path/Frameworks";
				PRODUCT_BUNDLE_IDENTIFIER = com.lugick.LWAlert;
				PRODUCT_NAME = "$(TARGET_NAME)";
				SWIFT_VERSION = 4.0;
				TARGETED_DEVICE_FAMILY = "1,2";
			};
			name = Debug;
		};
		215469831FE224BE00A917DE /* Release */ = {
			isa = XCBuildConfiguration;
			buildSettings = {
				ASSETCATALOG_COMPILER_APPICON_NAME = AppIcon;
				CODE_SIGN_STYLE = Automatic;
				DEVELOPMENT_TEAM = A2R55J8C7W;
				INFOPLIST_FILE = LWAlert/Info.plist;
				IPHONEOS_DEPLOYMENT_TARGET = 8.0;
				LD_RUNPATH_SEARCH_PATHS = "$(inherited) @executable_path/Frameworks";
				PRODUCT_BUNDLE_IDENTIFIER = com.lugick.LWAlert;
				PRODUCT_NAME = "$(TARGET_NAME)";
				SWIFT_VERSION = 4.0;
				TARGETED_DEVICE_FAMILY = "1,2";
			};
			name = Release;
		};
/* End XCBuildConfiguration section */

/* Begin XCConfigurationList section */
		2154696A1FE224BD00A917DE /* Build configuration list for PBXProject "LWAlert" */ = {
			isa = XCConfigurationList;
			buildConfigurations = (
				2154697F1FE224BE00A917DE /* Debug */,
				215469801FE224BE00A917DE /* Release */,
			);
			defaultConfigurationIsVisible = 0;
			defaultConfigurationName = Release;
		};
		215469811FE224BE00A917DE /* Build configuration list for PBXNativeTarget "LWAlert" */ = {
			isa = XCConfigurationList;
			buildConfigurations = (
				215469821FE224BE00A917DE /* Debug */,
				215469831FE224BE00A917DE /* Release */,
			);
			defaultConfigurationIsVisible = 0;
			defaultConfigurationName = Release;
		};
/* End XCConfigurationList section */
	};
	rootObject = 215469671FE224BD00A917DE /* Project object */;
}
